
Microsoft Visual Studio Solution File, Format Version 12.00
# Visual Studio Version 17
VisualStudioVersion = 17.0.32126.317
MinimumVisualStudioVersion = 10.0.40219.1
Project("{9A19103F-16F7-4668-BE54-9A1E7A4F7556}") = "UltraFaceRecognition", "UltraFaceRecognition.csproj", "{F7880DAD-C6E1-47FD-882F-83D60FA2E04F}"
EndProject
Global
	GlobalSection(SolutionConfigurationPlatforms) = preSolution
		Debug|x64 = Debug|x64
	EndGlobalSection
	GlobalSection(ProjectConfigurationPlatforms) = postSolution
		{F7880DAD-C6E1-47FD-882F-83D60FA2E04F}.Debug|x64.ActiveCfg = Debug|x64
		{F7880DAD-C6E1-47FD-882F-83D60FA2E04F}.Debug|x64.Build.0 = Debug|x64
	EndGlobalSection
	GlobalSection(SolutionProperties) = preSolution
		HideSolutionNode = FALSE
	EndGlobalSection
	GlobalSection(ExtensibilityGlobals) = postSolution
		SolutionGuid = {16C4BAD8-8EA1-44A3-963E-99E89F7AA61B}
	EndGlobalSection
EndGlobal
